
Microsoft Visual Studio Solution File, Format Version 12.00
# Visual Studio Version 16
VisualStudioVersion = 16.0.30621.155
MinimumVisualStudioVersion = 10.0.40219.1
Project("{9A19103F-16F7-4668-BE54-9A1E7A4F7556}") = "Pango.Calculator.Web", "Pango.Calculator.Web\Pango.Calculator.Web.csproj", "{F990B0D6-A7E3-430A-89B8-16491B9951E0}"
EndProject
Project("{FAE04EC0-301F-11D3-BF4B-00C04F79EFBC}") = "Pango.Calculator.Domain", "Pango.Calculator.Domain\Pango.Calculator.Domain.csproj", "{103DF8EA-D29A-482E-BAF6-8C7F5A1DC7C5}"
EndProject
Global
	GlobalSection(SolutionConfigurationPlatforms) = preSolution
		Debug|Any CPU = Debug|Any CPU
		Release|Any CPU = Release|Any CPU
	EndGlobalSection
	GlobalSection(ProjectConfigurationPlatforms) = postSolution
		{F990B0D6-A7E3-430A-89B8-16491B9951E0}.Debug|Any CPU.ActiveCfg = Debug|Any CPU
		{F990B0D6-A7E3-430A-89B8-16491B9951E0}.Debug|Any CPU.Build.0 = Debug|Any CPU
		{F990B0D6-A7E3-430A-89B8-16491B9951E0}.Release|Any CPU.ActiveCfg = Release|Any CPU
		{F990B0D6-A7E3-430A-89B8-16491B9951E0}.Release|Any CPU.Build.0 = Release|Any CPU
		{103DF8EA-D29A-482E-BAF6-8C7F5A1DC7C5}.Debug|Any CPU.ActiveCfg = Debug|Any CPU
		{103DF8EA-D29A-482E-BAF6-8C7F5A1DC7C5}.Debug|Any CPU.Build.0 = Debug|Any CPU
		{103DF8EA-D29A-482E-BAF6-8C7F5A1DC7C5}.Release|Any CPU.ActiveCfg = Release|Any CPU
		{103DF8EA-D29A-482E-BAF6-8C7F5A1DC7C5}.Release|Any CPU.Build.0 = Release|Any CPU
	EndGlobalSection
	GlobalSection(SolutionProperties) = preSolution
		HideSolutionNode = FALSE
	EndGlobalSection
	GlobalSection(ExtensibilityGlobals) = postSolution
		SolutionGuid = {0AC5A466-FE15-47FC-8095-5E5DA42806BC}
	EndGlobalSection
EndGlobal
